
Microsoft Visual Studio Solution File, Format Version 12.00
# Visual Studio Version 17
VisualStudioVersion = 17.9.34622.214
MinimumVisualStudioVersion = 10.0.40219.1
Project("{2150E333-8FDC-42A3-9474-1A3956D46DE8}") = "Shared", "Shared", "{70233C36-C247-41E2-A296-B9E9621D87E4}"
EndProject
Project("{9A19103F-16F7-4668-BE54-9A1E7A4F7556}") = "Shared.Application", "Shared\Shared.Application\Shared.Application.csproj", "{53F9094F-5D00-403A-BF0F-F3539A2DB883}"
EndProject
Project("{9A19103F-16F7-4668-BE54-9A1E7A4F7556}") = "Shared.Infrastructure", "Shared\Shared.Infrastructure\Shared.Infrastructure.csproj", "{8C4DF7B9-605C-476E-932D-BEC131DE30E1}"
EndProject
Project("{9A19103F-16F7-4668-BE54-9A1E7A4F7556}") = "Shared.Domain", "Shared\Shared.Domain\Shared.Domain.csproj", "{A1CEDF4E-855C-4FCE-A1D7-2F6CC1928D15}"
EndProject
Project("{2150E333-8FDC-42A3-9474-1A3956D46DE8}") = "Blogs", "Blogs", "{01B38A3F-1C77-4976-98B4-8CFFA7AAF282}"
EndProject
Project("{9A19103F-16F7-4668-BE54-9A1E7A4F7556}") = "Blogs.Domain", "Blogs\Blogs.Domain\Blogs.Domain.csproj", "{A4795564-76E8-4442-A454-856AF74E3295}"
EndProject
Project("{9A19103F-16F7-4668-BE54-9A1E7A4F7556}") = "Blogs.Infrastructure", "Blogs\Blogs.Infrastructure\Blogs.Infrastructure.csproj", "{6CBE28F0-2D44-45CE-A6C4-2BCC96D5F039}"
EndProject
Project("{9A19103F-16F7-4668-BE54-9A1E7A4F7556}") = "Blogs.Application", "Blogs\Blogs.Application\Blogs.Application.csproj", "{EF12968B-01CB-4794-AAE4-BD32447774DC}"
EndProject
Project("{9A19103F-16F7-4668-BE54-9A1E7A4F7556}") = "BingoShop.WebApplication", "BingoShop.WebApplication\BingoShop.WebApplication.csproj", "{1BF422CE-54B1-4C19-B045-7514B57B45BD}"
EndProject
Project("{2150E333-8FDC-42A3-9474-1A3956D46DE8}") = "Users", "Users", "{28E603FE-75E5-4905-9B01-DB335BECE9B0}"
EndProject
Project("{9A19103F-16F7-4668-BE54-9A1E7A4F7556}") = "Users.Domain", "Users\Users.Domain\Users.Domain.csproj", "{89222CBF-4DBE-41E0-A465-C2251713824E}"
EndProject
Project("{9A19103F-16F7-4668-BE54-9A1E7A4F7556}") = "Users.Infrastructure", "Users\Users.Infrastructure\Users.Infrastructure.csproj", "{96FC7EE3-58B2-437A-BA3E-B0601E050D22}"
EndProject
Project("{9A19103F-16F7-4668-BE54-9A1E7A4F7556}") = "Users.Application", "Users\Users.Application\Users.Application.csproj", "{FCDA4E21-BA68-4B47-BCB4-3DEB8BE4B439}"
EndProject
Project("{2150E333-8FDC-42A3-9474-1A3956D46DE8}") = "Users1", "Users1", "{D15E4858-F3AA-405F-9B53-294234D5A324}"
EndProject
Project("{2150E333-8FDC-42A3-9474-1A3956D46DE8}") = "1-Presentation", "1-Presentation", "{65F80137-C6FD-4C5C-946C-1EA234EDB926}"
EndProject
Project("{2150E333-8FDC-42A3-9474-1A3956D46DE8}") = "2-Application.Contract", "2-Application.Contract", "{FFC6C24A-715B-4E80-BE6F-71A24D0D0127}"
EndProject
Project("{2150E333-8FDC-42A3-9474-1A3956D46DE8}") = "3-Application", "3-Application", "{CD99D74F-F226-4400-87EA-65765007E71F}"
EndProject
Project("{2150E333-8FDC-42A3-9474-1A3956D46DE8}") = "4-Infrastructure", "4-Infrastructure", "{4E88D3D1-433C-4A2D-ABE1-25811BEDD28D}"
EndProject
Project("{2150E333-8FDC-42A3-9474-1A3956D46DE8}") = "5-Domain", "5-Domain", "{10E49125-9CC4-4738-9893-A761128C2A82}"
EndProject
Project("{2150E333-8FDC-42A3-9474-1A3956D46DE8}") = "Query", "Query", "{C5162BBC-F865-42F5-A560-3C20BD8D9F32}"
EndProject
Project("{9A19103F-16F7-4668-BE54-9A1E7A4F7556}") = "Users1.Domain", "Users1\Users1.Domain\Users1.Domain.csproj", "{D3E2D88F-4693-4497-9785-748AC7FE616F}"
EndProject
Project("{9A19103F-16F7-4668-BE54-9A1E7A4F7556}") = "Users1.Infrastructure", "Users1\Users1.Infrastructure\Users1.Infrastructure.csproj", "{51FC05F8-05FF-49E1-A02A-C98A5AC08815}"
EndProject
Project("{9A19103F-16F7-4668-BE54-9A1E7A4F7556}") = "Users1.Application", "Users1\Users1.Application\Users1.Application.csproj", "{EA54A9AF-83D0-4805-B9AB-EE8143F3C34E}"
EndProject
Project("{9A19103F-16F7-4668-BE54-9A1E7A4F7556}") = "Users1.Application.Contract", "Users1\Users1.Application.Contract\Users1.Application.Contract.csproj", "{08825CF2-C4DE-49BB-88F0-94C2CDB846BB}"
EndProject
Project("{9A19103F-16F7-4668-BE54-9A1E7A4F7556}") = "Users1.WebUI", "Users1\Users1.WebUI\Users1.WebUI.csproj", "{33DFAEE2-ED41-4398-9849-6678719F6E3A}"
EndProject
Global
	GlobalSection(SolutionConfigurationPlatforms) = preSolution
		Debug|Any CPU = Debug|Any CPU
		Release|Any CPU = Release|Any CPU
	EndGlobalSection
	GlobalSection(ProjectConfigurationPlatforms) = postSolution
		{53F9094F-5D00-403A-BF0F-F3539A2DB883}.Debug|Any CPU.ActiveCfg = Debug|Any CPU
		{53F9094F-5D00-403A-BF0F-F3539A2DB883}.Debug|Any CPU.Build.0 = Debug|Any CPU
		{53F9094F-5D00-403A-BF0F-F3539A2DB883}.Release|Any CPU.ActiveCfg = Release|Any CPU
		{53F9094F-5D00-403A-BF0F-F3539A2DB883}.Release|Any CPU.Build.0 = Release|Any CPU
		{8C4DF7B9-605C-476E-932D-BEC131DE30E1}.Debug|Any CPU.ActiveCfg = Debug|Any CPU
		{8C4DF7B9-605C-476E-932D-BEC131DE30E1}.Debug|Any CPU.Build.0 = Debug|Any CPU
		{8C4DF7B9-605C-476E-932D-BEC131DE30E1}.Release|Any CPU.ActiveCfg = Release|Any CPU
		{8C4DF7B9-605C-476E-932D-BEC131DE30E1}.Release|Any CPU.Build.0 = Release|Any CPU
		{A1CEDF4E-855C-4FCE-A1D7-2F6CC1928D15}.Debug|Any CPU.ActiveCfg = Debug|Any CPU
		{A1CEDF4E-855C-4FCE-A1D7-2F6CC1928D15}.Debug|Any CPU.Build.0 = Debug|Any CPU
		{A1CEDF4E-855C-4FCE-A1D7-2F6CC1928D15}.Release|Any CPU.ActiveCfg = Release|Any CPU
		{A1CEDF4E-855C-4FCE-A1D7-2F6CC1928D15}.Release|Any CPU.Build.0 = Release|Any CPU
		{A4795564-76E8-4442-A454-856AF74E3295}.Debug|Any CPU.ActiveCfg = Debug|Any CPU
		{A4795564-76E8-4442-A454-856AF74E3295}.Debug|Any CPU.Build.0 = Debug|Any CPU
		{A4795564-76E8-4442-A454-856AF74E3295}.Release|Any CPU.ActiveCfg = Release|Any CPU
		{A4795564-76E8-4442-A454-856AF74E3295}.Release|Any CPU.Build.0 = Release|Any CPU
		{6CBE28F0-2D44-45CE-A6C4-2BCC96D5F039}.Debug|Any CPU.ActiveCfg = Debug|Any CPU
		{6CBE28F0-2D44-45CE-A6C4-2BCC96D5F039}.Debug|Any CPU.Build.0 = Debug|Any CPU
		{6CBE28F0-2D44-45CE-A6C4-2BCC96D5F039}.Release|Any CPU.ActiveCfg = Release|Any CPU
		{6CBE28F0-2D44-45CE-A6C4-2BCC96D5F039}.Release|Any CPU.Build.0 = Release|Any CPU
		{EF12968B-01CB-4794-AAE4-BD32447774DC}.Debug|Any CPU.ActiveCfg = Debug|Any CPU
		{EF12968B-01CB-4794-AAE4-BD32447774DC}.Debug|Any CPU.Build.0 = Debug|Any CPU
		{EF12968B-01CB-4794-AAE4-BD32447774DC}.Release|Any CPU.ActiveCfg = Release|Any CPU
		{EF12968B-01CB-4794-AAE4-BD32447774DC}.Release|Any CPU.Build.0 = Release|Any CPU
		{1BF422CE-54B1-4C19-B045-7514B57B45BD}.Debug|Any CPU.ActiveCfg = Debug|Any CPU
		{1BF422CE-54B1-4C19-B045-7514B57B45BD}.Debug|Any CPU.Build.0 = Debug|Any CPU
		{1BF422CE-54B1-4C19-B045-7514B57B45BD}.Release|Any CPU.ActiveCfg = Release|Any CPU
		{1BF422CE-54B1-4C19-B045-7514B57B45BD}.Release|Any CPU.Build.0 = Release|Any CPU
		{89222CBF-4DBE-41E0-A465-C2251713824E}.Debug|Any CPU.ActiveCfg = Debug|Any CPU
		{89222CBF-4DBE-41E0-A465-C2251713824E}.Debug|Any CPU.Build.0 = Debug|Any CPU
		{89222CBF-4DBE-41E0-A465-C2251713824E}.Release|Any CPU.ActiveCfg = Release|Any CPU
		{89222CBF-4DBE-41E0-A465-C2251713824E}.Release|Any CPU.Build.0 = Release|Any CPU
		{96FC7EE3-58B2-437A-BA3E-B0601E050D22}.Debug|Any CPU.ActiveCfg = Debug|Any CPU
		{96FC7EE3-58B2-437A-BA3E-B0601E050D22}.Debug|Any CPU.Build.0 = Debug|Any CPU
		{96FC7EE3-58B2-437A-BA3E-B0601E050D22}.Release|Any CPU.ActiveCfg = Release|Any CPU
		{96FC7EE3-58B2-437A-BA3E-B0601E050D22}.Release|Any CPU.Build.0 = Release|Any CPU
		{FCDA4E21-BA68-4B47-BCB4-3DEB8BE4B439}.Debug|Any CPU.ActiveCfg = Debug|Any CPU
		{FCDA4E21-BA68-4B47-BCB4-3DEB8BE4B439}.Debug|Any CPU.Build.0 = Debug|Any CPU
		{FCDA4E21-BA68-4B47-BCB4-3DEB8BE4B439}.Release|Any CPU.ActiveCfg = Release|Any CPU
		{FCDA4E21-BA68-4B47-BCB4-3DEB8BE4B439}.Release|Any CPU.Build.0 = Release|Any CPU
		{D3E2D88F-4693-4497-9785-748AC7FE616F}.Debug|Any CPU.ActiveCfg = Debug|Any CPU
		{D3E2D88F-4693-4497-9785-748AC7FE616F}.Debug|Any CPU.Build.0 = Debug|Any CPU
		{D3E2D88F-4693-4497-9785-748AC7FE616F}.Release|Any CPU.ActiveCfg = Release|Any CPU
		{D3E2D88F-4693-4497-9785-748AC7FE616F}.Release|Any CPU.Build.0 = Release|Any CPU
		{51FC05F8-05FF-49E1-A02A-C98A5AC08815}.Debug|Any CPU.ActiveCfg = Debug|Any CPU
		{51FC05F8-05FF-49E1-A02A-C98A5AC08815}.Debug|Any CPU.Build.0 = Debug|Any CPU
		{51FC05F8-05FF-49E1-A02A-C98A5AC08815}.Release|Any CPU.ActiveCfg = Release|Any CPU
		{51FC05F8-05FF-49E1-A02A-C98A5AC08815}.Release|Any CPU.Build.0 = Release|Any CPU
		{EA54A9AF-83D0-4805-B9AB-EE8143F3C34E}.Debug|Any CPU.ActiveCfg = Debug|Any CPU
		{EA54A9AF-83D0-4805-B9AB-EE8143F3C34E}.Debug|Any CPU.Build.0 = Debug|Any CPU
		{EA54A9AF-83D0-4805-B9AB-EE8143F3C34E}.Release|Any CPU.ActiveCfg = Release|Any CPU
		{EA54A9AF-83D0-4805-B9AB-EE8143F3C34E}.Release|Any CPU.Build.0 = Release|Any CPU
		{08825CF2-C4DE-49BB-88F0-94C2CDB846BB}.Debug|Any CPU.ActiveCfg = Debug|Any CPU
		{08825CF2-C4DE-49BB-88F0-94C2CDB846BB}.Debug|Any CPU.Build.0 = Debug|Any CPU
		{08825CF2-C4DE-49BB-88F0-94C2CDB846BB}.Release|Any CPU.ActiveCfg = Release|Any CPU
		{08825CF2-C4DE-49BB-88F0-94C2CDB846BB}.Release|Any CPU.Build.0 = Release|Any CPU
		{33DFAEE2-ED41-4398-9849-6678719F6E3A}.Debug|Any CPU.ActiveCfg = Debug|Any CPU
		{33DFAEE2-ED41-4398-9849-6678719F6E3A}.Debug|Any CPU.Build.0 = Debug|Any CPU
		{33DFAEE2-ED41-4398-9849-6678719F6E3A}.Release|Any CPU.ActiveCfg = Release|Any CPU
		{33DFAEE2-ED41-4398-9849-6678719F6E3A}.Release|Any CPU.Build.0 = Release|Any CPU
	EndGlobalSection
	GlobalSection(SolutionProperties) = preSolution
		HideSolutionNode = FALSE
	EndGlobalSection
	GlobalSection(NestedProjects) = preSolution
		{53F9094F-5D00-403A-BF0F-F3539A2DB883} = {70233C36-C247-41E2-A296-B9E9621D87E4}
		{8C4DF7B9-605C-476E-932D-BEC131DE30E1} = {70233C36-C247-41E2-A296-B9E9621D87E4}
		{A1CEDF4E-855C-4FCE-A1D7-2F6CC1928D15} = {70233C36-C247-41E2-A296-B9E9621D87E4}
		{A4795564-76E8-4442-A454-856AF74E3295} = {01B38A3F-1C77-4976-98B4-8CFFA7AAF282}
		{6CBE28F0-2D44-45CE-A6C4-2BCC96D5F039} = {01B38A3F-1C77-4976-98B4-8CFFA7AAF282}
		{EF12968B-01CB-4794-AAE4-BD32447774DC} = {01B38A3F-1C77-4976-98B4-8CFFA7AAF282}
		{89222CBF-4DBE-41E0-A465-C2251713824E} = {28E603FE-75E5-4905-9B01-DB335BECE9B0}
		{96FC7EE3-58B2-437A-BA3E-B0601E050D22} = {28E603FE-75E5-4905-9B01-DB335BECE9B0}
		{FCDA4E21-BA68-4B47-BCB4-3DEB8BE4B439} = {28E603FE-75E5-4905-9B01-DB335BECE9B0}
		{65F80137-C6FD-4C5C-946C-1EA234EDB926} = {D15E4858-F3AA-405F-9B53-294234D5A324}
		{FFC6C24A-715B-4E80-BE6F-71A24D0D0127} = {D15E4858-F3AA-405F-9B53-294234D5A324}
		{CD99D74F-F226-4400-87EA-65765007E71F} = {D15E4858-F3AA-405F-9B53-294234D5A324}
		{4E88D3D1-433C-4A2D-ABE1-25811BEDD28D} = {D15E4858-F3AA-405F-9B53-294234D5A324}
		{10E49125-9CC4-4738-9893-A761128C2A82} = {D15E4858-F3AA-405F-9B53-294234D5A324}
		{C5162BBC-F865-42F5-A560-3C20BD8D9F32} = {D15E4858-F3AA-405F-9B53-294234D5A324}
		{D3E2D88F-4693-4497-9785-748AC7FE616F} = {10E49125-9CC4-4738-9893-A761128C2A82}
		{51FC05F8-05FF-49E1-A02A-C98A5AC08815} = {4E88D3D1-433C-4A2D-ABE1-25811BEDD28D}
		{EA54A9AF-83D0-4805-B9AB-EE8143F3C34E} = {CD99D74F-F226-4400-87EA-65765007E71F}
		{08825CF2-C4DE-49BB-88F0-94C2CDB846BB} = {FFC6C24A-715B-4E80-BE6F-71A24D0D0127}
		{33DFAEE2-ED41-4398-9849-6678719F6E3A} = {65F80137-C6FD-4C5C-946C-1EA234EDB926}
	EndGlobalSection
	GlobalSection(ExtensibilityGlobals) = postSolution
		SolutionGuid = {AD8F13B9-D3B0-4DC0-BB05-06177FFB7F76}
	EndGlobalSection
EndGlobal
